
Microsoft Visual Studio Solution File, Format Version 12.00
# Visual Studio Version 17
VisualStudioVersion = 17.1.32421.90
MinimumVisualStudioVersion = 10.0.40219.1
Project("{FAE04EC0-301F-11D3-BF4B-00C04F79EFBC}") = "DependencyInjectionPOC", "DependencyInjectionPOC\DependencyInjectionPOC.csproj", "{582258D4-27E3-45FC-9254-951E82EB4A68}"
EndProject
Global
	GlobalSection(SolutionConfigurationPlatforms) = preSolution
		Debug|Any CPU = Debug|Any CPU
		Release|Any CPU = Release|Any CPU
	EndGlobalSection
	GlobalSection(ProjectConfigurationPlatforms) = postSolution
		{582258D4-27E3-45FC-9254-951E82EB4A68}.Debug|Any CPU.ActiveCfg = Debug|Any CPU
		{582258D4-27E3-45FC-9254-951E82EB4A68}.Debug|Any CPU.Build.0 = Debug|Any CPU
		{582258D4-27E3-45FC-9254-951E82EB4A68}.Release|Any CPU.ActiveCfg = Release|Any CPU
		{582258D4-27E3-45FC-9254-951E82EB4A68}.Release|Any CPU.Build.0 = Release|Any CPU
	EndGlobalSection
	GlobalSection(SolutionProperties) = preSolution
		HideSolutionNode = FALSE
	EndGlobalSection
	GlobalSection(ExtensibilityGlobals) = postSolution
		SolutionGuid = {F75E452D-E5FF-4620-BCC5-797877916CB6}
	EndGlobalSection
EndGlobal
